// !$*UTF8*$!
{
	archiveVersion = 1;
	classes = {
	};
	objectVersion = 56;
	objects = {

/* Begin PBXBuildFile section */
		FAD695D929098D2B006ADE0C /* LocationsListView.swift in Sources */ = {isa = PBXBuildFile; fileRef = FAD695D829098D2B006ADE0C /* LocationsListView.swift */; };
		FAD695DB2909A911006ADE0C /* LocationPreviewView.swift in Sources */ = {isa = PBXBuildFile; fileRef = FAD695DA2909A911006ADE0C /* LocationPreviewView.swift */; };
		FAD695E0290A669C006ADE0C /* LocationMapAnnotaionView.swift in Sources */ = {isa = PBXBuildFile; fileRef = FAD695DF290A669C006ADE0C /* LocationMapAnnotaionView.swift */; };
		FAD695E2290A6DDB006ADE0C /* LocationDetailView.swift in Sources */ = {isa = PBXBuildFile; fileRef = FAD695E1290A6DDB006ADE0C /* LocationDetailView.swift */; };
		FAD695E5290ABDF1006ADE0C /* LaunchScreen.storyboard in Resources */ = {isa = PBXBuildFile; fileRef = FAD695E4290ABDF1006ADE0C /* LaunchScreen.storyboard */; };
		FAF7635129083B460040AE1C /* MapsAppSwiftUIApp.swift in Sources */ = {isa = PBXBuildFile; fileRef = FAF7635029083B460040AE1C /* MapsAppSwiftUIApp.swift */; };
		FAF7635829083B480040AE1C /* Preview Assets.xcassets in Resources */ = {isa = PBXBuildFile; fileRef = FAF7635729083B480040AE1C /* Preview Assets.xcassets */; };
		FAF7635F29083CA30040AE1C /* LocationsDataService.swift in Sources */ = {isa = PBXBuildFile; fileRef = FAF7635E29083CA30040AE1C /* LocationsDataService.swift */; };
		FAF7636129083DB70040AE1C /* Assets.xcassets in Resources */ = {isa = PBXBuildFile; fileRef = FAF7636029083DB60040AE1C /* Assets.xcassets */; };
		FAF7636629085C0B0040AE1C /* Location.swift in Sources */ = {isa = PBXBuildFile; fileRef = FAF7636529085C0B0040AE1C /* Location.swift */; };
		FAF7636929085D910040AE1C /* LocationsView.swift in Sources */ = {isa = PBXBuildFile; fileRef = FAF7636829085D910040AE1C /* LocationsView.swift */; };
		FAF763732909331B0040AE1C /* LocationsViewModel.swift in Sources */ = {isa = PBXBuildFile; fileRef = FAF763722909331B0040AE1C /* LocationsViewModel.swift */; };
/* End PBXBuildFile section */

/* Begin PBXFileReference section */
		FAD695D829098D2B006ADE0C /* LocationsListView.swift */ = {isa = PBXFileReference; lastKnownFileType = sourcecode.swift; path = LocationsListView.swift; sourceTree = "<group>"; };
		FAD695DA2909A911006ADE0C /* LocationPreviewView.swift */ = {isa = PBXFileReference; lastKnownFileType = sourcecode.swift; path = LocationPreviewView.swift; sourceTree = "<group>"; };
		FAD695DF290A669C006ADE0C /* LocationMapAnnotaionView.swift */ = {isa = PBXFileReference; lastKnownFileType = sourcecode.swift; path = LocationMapAnnotaionView.swift; sourceTree = "<group>"; };
		FAD695E1290A6DDB006ADE0C /* LocationDetailView.swift */ = {isa = PBXFileReference; lastKnownFileType = sourcecode.swift; path = LocationDetailView.swift; sourceTree = "<group>"; };
		FAD695E3290ABAA5006ADE0C /* Info.plist */ = {isa = PBXFileReference; lastKnownFileType = text.plist; path = Info.plist; sourceTree = "<group>"; };
		FAD695E4290ABDF1006ADE0C /* LaunchScreen.storyboard */ = {isa = PBXFileReference; lastKnownFileType = file.storyboard; path = LaunchScreen.storyboard; sourceTree = "<group>"; };
		FAF7634D29083B460040AE1C /* MapsAppSwiftUI.app */ = {isa = PBXFileReference; explicitFileType = wrapper.application; includeInIndex = 0; path = MapsAppSwiftUI.app; sourceTree = BUILT_PRODUCTS_DIR; };
		FAF7635029083B460040AE1C /* MapsAppSwiftUIApp.swift */ = {isa = PBXFileReference; lastKnownFileType = sourcecode.swift; path = MapsAppSwiftUIApp.swift; sourceTree = "<group>"; };
		FAF7635729083B480040AE1C /* Preview Assets.xcassets */ = {isa = PBXFileReference; lastKnownFileType = folder.assetcatalog; path = "Preview Assets.xcassets"; sourceTree = "<group>"; };
		FAF7635E29083CA30040AE1C /* LocationsDataService.swift */ = {isa = PBXFileReference; lastKnownFileType = sourcecode.swift; path = LocationsDataService.swift; sourceTree = "<group>"; };
		FAF7636029083DB60040AE1C /* Assets.xcassets */ = {isa = PBXFileReference; lastKnownFileType = folder.assetcatalog; path = Assets.xcassets; sourceTree = "<group>"; };
		FAF7636529085C0B0040AE1C /* Location.swift */ = {isa = PBXFileReference; lastKnownFileType = sourcecode.swift; path = Location.swift; sourceTree = "<group>"; };
		FAF7636829085D910040AE1C /* LocationsView.swift */ = {isa = PBXFileReference; lastKnownFileType = sourcecode.swift; path = LocationsView.swift; sourceTree = "<group>"; };
		FAF763722909331B0040AE1C /* LocationsViewModel.swift */ = {isa = PBXFileReference; lastKnownFileType = sourcecode.swift; path = LocationsViewModel.swift; sourceTree = "<group>"; };
/* End PBXFileReference section */

/* Begin PBXFrameworksBuildPhase section */
		FAF7634A29083B460040AE1C /* Frameworks */ = {
			isa = PBXFrameworksBuildPhase;
			buildActionMask = 2147483647;
			files = (
			);
			runOnlyForDeploymentPostprocessing = 0;
		};
/* End PBXFrameworksBuildPhase section */

/* Begin PBXGroup section */
		FAD695DC2909A94A006ADE0C /* Application */ = {
			isa = PBXGroup;
			children = (
				FAF7635029083B460040AE1C /* MapsAppSwiftUIApp.swift */,
			);
			path = Application;
			sourceTree = "<group>";
		};
		FAF7634429083B460040AE1C = {
			isa = PBXGroup;
			children = (
				FAF7634F29083B460040AE1C /* MapsAppSwiftUI */,
				FAF7634E29083B460040AE1C /* Products */,
			);
			sourceTree = "<group>";
		};
		FAF7634E29083B460040AE1C /* Products */ = {
			isa = PBXGroup;
			children = (
				FAF7634D29083B460040AE1C /* MapsAppSwiftUI.app */,
			);
			name = Products;
			sourceTree = "<group>";
		};
		FAF7634F29083B460040AE1C /* MapsAppSwiftUI */ = {
			isa = PBXGroup;
			children = (
				FAD695DC2909A94A006ADE0C /* Application */,
				FAF7636329085BE40040AE1C /* Models */,
				FAF7636729085CB70040AE1C /* DataServices */,
				FAF7636429085BEC0040AE1C /* ViewModels */,
				FAF7636229085BE00040AE1C /* Views */,
				FAF7636029083DB60040AE1C /* Assets.xcassets */,
				FAD695E3290ABAA5006ADE0C /* Info.plist */,
				FAF7635629083B480040AE1C /* Preview Content */,
			);
			path = MapsAppSwiftUI;
			sourceTree = "<group>";
		};
		FAF7635629083B480040AE1C /* Preview Content */ = {
			isa = PBXGroup;
			children = (
				FAF7635729083B480040AE1C /* Preview Assets.xcassets */,
			);
			path = "Preview Content";
			sourceTree = "<group>";
		};
		FAF7636229085BE00040AE1C /* Views */ = {
			isa = PBXGroup;
			children = (
				FAF7636829085D910040AE1C /* LocationsView.swift */,
				FAD695E1290A6DDB006ADE0C /* LocationDetailView.swift */,
				FAD695DF290A669C006ADE0C /* LocationMapAnnotaionView.swift */,
				FAD695DA2909A911006ADE0C /* LocationPreviewView.swift */,
				FAD695D829098D2B006ADE0C /* LocationsListView.swift */,
				FAD695E4290ABDF1006ADE0C /* LaunchScreen.storyboard */,
			);
			path = Views;
			sourceTree = "<group>";
		};
		FAF7636329085BE40040AE1C /* Models */ = {
			isa = PBXGroup;
			children = (
				FAF7636529085C0B0040AE1C /* Location.swift */,
			);
			path = Models;
			sourceTree = "<group>";
		};
		FAF7636429085BEC0040AE1C /* ViewModels */ = {
			isa = PBXGroup;
			children = (
				FAF763722909331B0040AE1C /* LocationsViewModel.swift */,
			);
			path = ViewModels;
			sourceTree = "<group>";
		};
		FAF7636729085CB70040AE1C /* DataServices */ = {
			isa = PBXGroup;
			children = (
				FAF7635E29083CA30040AE1C /* LocationsDataService.swift */,
			);
			path = DataServices;
			sourceTree = "<group>";
		};
/* End PBXGroup section */

/* Begin PBXNativeTarget section */
		FAF7634C29083B460040AE1C /* MapsAppSwiftUI */ = {
			isa = PBXNativeTarget;
			buildConfigurationList = FAF7635B29083B480040AE1C /* Build configuration list for PBXNativeTarget "MapsAppSwiftUI" */;
			buildPhases = (
				FAF7634929083B460040AE1C /* Sources */,
				FAF7634A29083B460040AE1C /* Frameworks */,
				FAF7634B29083B460040AE1C /* Resources */,
			);
			buildRules = (
			);
			dependencies = (
			);
			name = MapsAppSwiftUI;
			productName = MapsAppSwiftUI;
			productReference = FAF7634D29083B460040AE1C /* MapsAppSwiftUI.app */;
			productType = "com.apple.product-type.application";
		};
/* End PBXNativeTarget section */

/* Begin PBXProject section */
		FAF7634529083B460040AE1C /* Project object */ = {
			isa = PBXProject;
			attributes = {
				BuildIndependentTargetsInParallel = 1;
				LastSwiftUpdateCheck = 1400;
				LastUpgradeCheck = 1400;
				TargetAttributes = {
					FAF7634C29083B460040AE1C = {
						CreatedOnToolsVersion = 14.0.1;
					};
				};
			};
			buildConfigurationList = FAF7634829083B460040AE1C /* Build configuration list for PBXProject "MapsAppSwiftUI" */;
			compatibilityVersion = "Xcode 14.0";
			developmentRegion = en;
			hasScannedForEncodings = 0;
			knownRegions = (
				en,
				Base,
			);
			mainGroup = FAF7634429083B460040AE1C;
			productRefGroup = FAF7634E29083B460040AE1C /* Products */;
			projectDirPath = "";
			projectRoot = "";
			targets = (
				FAF7634C29083B460040AE1C /* MapsAppSwiftUI */,
			);
		};
/* End PBXProject section */

/* Begin PBXResourcesBuildPhase section */
		FAF7634B29083B460040AE1C /* Resources */ = {
			isa = PBXResourcesBuildPhase;
			buildActionMask = 2147483647;
			files = (
				FAD695E5290ABDF1006ADE0C /* LaunchScreen.storyboard in Resources */,
				FAF7636129083DB70040AE1C /* Assets.xcassets in Resources */,
				FAF7635829083B480040AE1C /* Preview Assets.xcassets in Resources */,
			);
			runOnlyForDeploymentPostprocessing = 0;
		};
/* End PBXResourcesBuildPhase section */

/* Begin PBXSourcesBuildPhase section */
		FAF7634929083B460040AE1C /* Sources */ = {
			isa = PBXSourcesBuildPhase;
			buildActionMask = 2147483647;
			files = (
				FAF7635129083B460040AE1C /* MapsAppSwiftUIApp.swift in Sources */,
				FAF7636929085D910040AE1C /* LocationsView.swift in Sources */,
				FAD695E2290A6DDB006ADE0C /* LocationDetailView.swift in Sources */,
				FAD695E0290A669C006ADE0C /* LocationMapAnnotaionView.swift in Sources */,
				FAF7636629085C0B0040AE1C /* Location.swift in Sources */,
				FAD695D929098D2B006ADE0C /* LocationsListView.swift in Sources */,
				FAD695DB2909A911006ADE0C /* LocationPreviewView.swift in Sources */,
				FAF7635F29083CA30040AE1C /* LocationsDataService.swift in Sources */,
				FAF763732909331B0040AE1C /* LocationsViewModel.swift in Sources */,
			);
			runOnlyForDeploymentPostprocessing = 0;
		};
/* End PBXSourcesBuildPhase section */

/* Begin XCBuildConfiguration section */
		FAF7635929083B480040AE1C /* Debug */ = {
			isa = XCBuildConfiguration;
			buildSettings = {
				ALWAYS_SEARCH_USER_PATHS = NO;
				CLANG_ANALYZER_NONNULL = YES;
				CLANG_ANALYZER_NUMBER_OBJECT_CONVERSION = YES_AGGRESSIVE;
				CLANG_CXX_LANGUAGE_STANDARD = "gnu++20";
				CLANG_ENABLE_MODULES = YES;
				CLANG_ENABLE_OBJC_ARC = YES;
				CLANG_ENABLE_OBJC_WEAK = YES;
				CLANG_WARN_BLOCK_CAPTURE_AUTORELEASING = YES;
				CLANG_WARN_BOOL_CONVERSION = YES;
				CLANG_WARN_COMMA = YES;
				CLANG_WARN_CONSTANT_CONVERSION = YES;
				CLANG_WARN_DEPRECATED_OBJC_IMPLEMENTATIONS = YES;
				CLANG_WARN_DIRECT_OBJC_ISA_USAGE = YES_ERROR;
				CLANG_WARN_DOCUMENTATION_COMMENTS = YES;
				CLANG_WARN_EMPTY_BODY = YES;
				CLANG_WARN_ENUM_CONVERSION = YES;
				CLANG_WARN_INFINITE_RECURSION = YES;
				CLANG_WARN_INT_CONVERSION = YES;
				CLANG_WARN_NON_LITERAL_NULL_CONVERSION = YES;
				CLANG_WARN_OBJC_IMPLICIT_RETAIN_SELF = YES;
				CLANG_WARN_OBJC_LITERAL_CONVERSION = YES;
				CLANG_WARN_OBJC_ROOT_CLASS = YES_ERROR;
				CLANG_WARN_QUOTED_INCLUDE_IN_FRAMEWORK_HEADER = YES;
				CLANG_WARN_RANGE_LOOP_ANALYSIS = YES;
				CLANG_WARN_STRICT_PROTOTYPES = YES;
				CLANG_WARN_SUSPICIOUS_MOVE = YES;
				CLANG_WARN_UNGUARDED_AVAILABILITY = YES_AGGRESSIVE;
				CLANG_WARN_UNREACHABLE_CODE = YES;
				CLANG_WARN__DUPLICATE_METHOD_MATCH = YES;
				COPY_PHASE_STRIP = NO;
				DEBUG_INFORMATION_FORMAT = dwarf;
				ENABLE_STRICT_OBJC_MSGSEND = YES;
				ENABLE_TESTABILITY = YES;
				GCC_C_LANGUAGE_STANDARD = gnu11;
				GCC_DYNAMIC_NO_PIC = NO;
				GCC_NO_COMMON_BLOCKS = YES;
				GCC_OPTIMIZATION_LEVEL = 0;
				GCC_PREPROCESSOR_DEFINITIONS = (
					"DEBUG=1",
					"$(inherited)",
				);
				GCC_WARN_64_TO_32_BIT_CONVERSION = YES;
				GCC_WARN_ABOUT_RETURN_TYPE = YES_ERROR;
				GCC_WARN_UNDECLARED_SELECTOR = YES;
				GCC_WARN_UNINITIALIZED_AUTOS = YES_AGGRESSIVE;
				GCC_WARN_UNUSED_FUNCTION = YES;
				GCC_WARN_UNUSED_VARIABLE = YES;
				IPHONEOS_DEPLOYMENT_TARGET = 16.0;
				MTL_ENABLE_DEBUG_INFO = INCLUDE_SOURCE;
				MTL_FAST_MATH = YES;
				ONLY_ACTIVE_ARCH = YES;
				SDKROOT = iphoneos;
				SWIFT_ACTIVE_COMPILATION_CONDITIONS = DEBUG;
				SWIFT_OPTIMIZATION_LEVEL = "-Onone";
			};
			name = Debug;
		};
		FAF7635A29083B480040AE1C /* Release */ = {
			isa = XCBuildConfiguration;
			buildSettings = {
				ALWAYS_SEARCH_USER_PATHS = NO;
				CLANG_ANALYZER_NONNULL = YES;
				CLANG_ANALYZER_NUMBER_OBJECT_CONVERSION = YES_AGGRESSIVE;
				CLANG_CXX_LANGUAGE_STANDARD = "gnu++20";
				CLANG_ENABLE_MODULES = YES;
				CLANG_ENABLE_OBJC_ARC = YES;
				CLANG_ENABLE_OBJC_WEAK = YES;
				CLANG_WARN_BLOCK_CAPTURE_AUTORELEASING = YES;
				CLANG_WARN_BOOL_CONVERSION = YES;
				CLANG_WARN_COMMA = YES;
				CLANG_WARN_CONSTANT_CONVERSION = YES;
				CLANG_WARN_DEPRECATED_OBJC_IMPLEMENTATIONS = YES;
				CLANG_WARN_DIRECT_OBJC_ISA_USAGE = YES_ERROR;
				CLANG_WARN_DOCUMENTATION_COMMENTS = YES;
				CLANG_WARN_EMPTY_BODY = YES;
				CLANG_WARN_ENUM_CONVERSION = YES;
				CLANG_WARN_INFINITE_RECURSION = YES;
				CLANG_WARN_INT_CONVERSION = YES;
				CLANG_WARN_NON_LITERAL_NULL_CONVERSION = YES;
				CLANG_WARN_OBJC_IMPLICIT_RETAIN_SELF = YES;
				CLANG_WARN_OBJC_LITERAL_CONVERSION = YES;
				CLANG_WARN_OBJC_ROOT_CLASS = YES_ERROR;
				CLANG_WARN_QUOTED_INCLUDE_IN_FRAMEWORK_HEADER = YES;
				CLANG_WARN_RANGE_LOOP_ANALYSIS = YES;
				CLANG_WARN_STRICT_PROTOTYPES = YES;
				CLANG_WARN_SUSPICIOUS_MOVE = YES;
				CLANG_WARN_UNGUARDED_AVAILABILITY = YES_AGGRESSIVE;
				CLANG_WARN_UNREACHABLE_CODE = YES;
				CLANG_WARN__DUPLICATE_METHOD_MATCH = YES;
				COPY_PHASE_STRIP = NO;
				DEBUG_INFORMATION_FORMAT = "dwarf-with-dsym";
				ENABLE_NS_ASSERTIONS = NO;
				ENABLE_STRICT_OBJC_MSGSEND = YES;
				GCC_C_LANGUAGE_STANDARD = gnu11;
				GCC_NO_COMMON_BLOCKS = YES;
				GCC_WARN_64_TO_32_BIT_CONVERSION = YES;
				GCC_WARN_ABOUT_RETURN_TYPE = YES_ERROR;
				GCC_WARN_UNDECLARED_SELECTOR = YES;
				GCC_WARN_UNINITIALIZED_AUTOS = YES_AGGRESSIVE;
				GCC_WARN_UNUSED_FUNCTION = YES;
				GCC_WARN_UNUSED_VARIABLE = YES;
				IPHONEOS_DEPLOYMENT_TARGET = 16.0;
				MTL_ENABLE_DEBUG_INFO = NO;
				MTL_FAST_MATH = YES;
				SDKROOT = iphoneos;
				SWIFT_COMPILATION_MODE = wholemodule;
				SWIFT_OPTIMIZATION_LEVEL = "-O";
				VALIDATE_PRODUCT = YES;
			};
			name = Release;
		};
		FAF7635C29083B480040AE1C /* Debug */ = {
			isa = XCBuildConfiguration;
			buildSettings = {
				ASSETCATALOG_COMPILER_APPICON_NAME = AppIcon;
				ASSETCATALOG_COMPILER_GLOBAL_ACCENT_COLOR_NAME = AccentColor;
				CODE_SIGN_STYLE = Automatic;
				CURRENT_PROJECT_VERSION = 1;
				DEVELOPMENT_ASSET_PATHS = "\"MapsAppSwiftUI/Preview Content\"";
				DEVELOPMENT_TEAM = A55B4JSB5L;
				ENABLE_PREVIEWS = YES;
				GENERATE_INFOPLIST_FILE = YES;
				INFOPLIST_FILE = MapsAppSwiftUI/Info.plist;
				INFOPLIST_KEY_CFBundleDisplayName = "Map Locations";
				INFOPLIST_KEY_UIApplicationSceneManifest_Generation = YES;
				INFOPLIST_KEY_UIApplicationSupportsIndirectInputEvents = YES;
				INFOPLIST_KEY_UILaunchStoryboardName = LaunchScreen.storyboard;
				INFOPLIST_KEY_UISupportedInterfaceOrientations_iPad = "UIInterfaceOrientationPortrait UIInterfaceOrientationPortraitUpsideDown UIInterfaceOrientationLandscapeLeft UIInterfaceOrientationLandscapeRight";
				INFOPLIST_KEY_UISupportedInterfaceOrientations_iPhone = "UIInterfaceOrientationPortrait UIInterfaceOrientationLandscapeLeft UIInterfaceOrientationLandscapeRight";
				LD_RUNPATH_SEARCH_PATHS = (
					"$(inherited)",
					"@executable_path/Frameworks",
				);
				MARKETING_VERSION = 1.0;
				PRODUCT_BUNDLE_IDENTIFIER = "Oksana-Poliakova.MapsAppSwiftUI";
				PRODUCT_NAME = "$(TARGET_NAME)";
				SWIFT_EMIT_LOC_STRINGS = YES;
				SWIFT_VERSION = 5.0;
				TARGETED_DEVICE_FAMILY = "1,2";
			};
			name = Debug;
		};
		FAF7635D29083B480040AE1C /* Release */ = {
			isa = XCBuildConfiguration;
			buildSettings = {
				ASSETCATALOG_COMPILER_APPICON_NAME = AppIcon;
				ASSETCATALOG_COMPILER_GLOBAL_ACCENT_COLOR_NAME = AccentColor;
				CODE_SIGN_STYLE = Automatic;
				CURRENT_PROJECT_VERSION = 1;
				DEVELOPMENT_ASSET_PATHS = "\"MapsAppSwiftUI/Preview Content\"";
				DEVELOPMENT_TEAM = A55B4JSB5L;
				ENABLE_PREVIEWS = YES;
				GENERATE_INFOPLIST_FILE = YES;
				INFOPLIST_FILE = MapsAppSwiftUI/Info.plist;
				INFOPLIST_KEY_CFBundleDisplayName = "Map Locations";
				INFOPLIST_KEY_UIApplicationSceneManifest_Generation = YES;
				INFOPLIST_KEY_UIApplicationSupportsIndirectInputEvents = YES;
				INFOPLIST_KEY_UILaunchStoryboardName = LaunchScreen.storyboard;
				INFOPLIST_KEY_UISupportedInterfaceOrientations_iPad = "UIInterfaceOrientationPortrait UIInterfaceOrientationPortraitUpsideDown UIInterfaceOrientationLandscapeLeft UIInterfaceOrientationLandscapeRight";
				INFOPLIST_KEY_UISupportedInterfaceOrientations_iPhone = "UIInterfaceOrientationPortrait UIInterfaceOrientationLandscapeLeft UIInterfaceOrientationLandscapeRight";
				LD_RUNPATH_SEARCH_PATHS = (
					"$(inherited)",
					"@executable_path/Frameworks",
				);
				MARKETING_VERSION = 1.0;
				PRODUCT_BUNDLE_IDENTIFIER = "Oksana-Poliakova.MapsAppSwiftUI";
				PRODUCT_NAME = "$(TARGET_NAME)";
				SWIFT_EMIT_LOC_STRINGS = YES;
				SWIFT_VERSION = 5.0;
				TARGETED_DEVICE_FAMILY = "1,2";
			};
			name = Release;
		};
/* End XCBuildConfiguration section */

/* Begin XCConfigurationList section */
		FAF7634829083B460040AE1C /* Build configuration list for PBXProject "MapsAppSwiftUI" */ = {
			isa = XCConfigurationList;
			buildConfigurations = (
				FAF7635929083B480040AE1C /* Debug */,
				FAF7635A29083B480040AE1C /* Release */,
			);
			defaultConfigurationIsVisible = 0;
			defaultConfigurationName = Release;
		};
		FAF7635B29083B480040AE1C /* Build configuration list for PBXNativeTarget "MapsAppSwiftUI" */ = {
			isa = XCConfigurationList;
			buildConfigurations = (
				FAF7635C29083B480040AE1C /* Debug */,
				FAF7635D29083B480040AE1C /* Release */,
			);
			defaultConfigurationIsVisible = 0;
			defaultConfigurationName = Release;
		};
/* End XCConfigurationList section */
	};
	rootObject = FAF7634529083B460040AE1C /* Project object */;
}
